
Microsoft Visual Studio Solution File, Format Version 12.00
# Visual Studio Version 16
VisualStudioVersion = 16.0.30320.27
MinimumVisualStudioVersion = 10.0.40219.1
Project("{FAE04EC0-301F-11D3-BF4B-00C04F79EFBC}") = "Test.MediaRecorder.Client", "Test.MediaRecorder\Test.MediaRecorder.Client\Test.MediaRecorder.Client.csproj", "{3611821D-BEE9-4CCF-A543-747E7AD134AA}"
EndProject
Project("{2150E333-8FDC-42A3-9474-1A3956D46DE8}") = "Target Platform", "Target Platform", "{3578604A-AA02-4FC2-8EF0-CE1E91F3EBF4}"
EndProject
Project("{FAE04EC0-301F-11D3-BF4B-00C04F79EFBC}") = "Test.MediaRecorder.Droid", "Test.MediaRecorder\Test.MediaRecorder.Droid\Test.MediaRecorder.Droid.csproj", "{0DA69240-3903-465A-92E0-0FEE1BEE1925}"
EndProject
Project("{FAE04EC0-301F-11D3-BF4B-00C04F79EFBC}") = "Test.MediaRecorder.UWP", "Test.MediaRecorder\Test.MediaRecorder.UWP\Test.MediaRecorder.UWP.csproj", "{1F343FE4-ED82-4258-851D-FFF4FEBEEEEB}"
EndProject
Global
	GlobalSection(SolutionConfigurationPlatforms) = preSolution
		Debug|Any CPU = Debug|Any CPU
		Debug|ARM = Debug|ARM
		Debug|x64 = Debug|x64
		Debug|x86 = Debug|x86
		Release|Any CPU = Release|Any CPU
		Release|ARM = Release|ARM
		Release|x64 = Release|x64
		Release|x86 = Release|x86
	EndGlobalSection
	GlobalSection(ProjectConfigurationPlatforms) = postSolution
		{3611821D-BEE9-4CCF-A543-747E7AD134AA}.Debug|Any CPU.ActiveCfg = Debug|Any CPU
		{3611821D-BEE9-4CCF-A543-747E7AD134AA}.Debug|Any CPU.Build.0 = Debug|Any CPU
		{3611821D-BEE9-4CCF-A543-747E7AD134AA}.Debug|ARM.ActiveCfg = Debug|Any CPU
		{3611821D-BEE9-4CCF-A543-747E7AD134AA}.Debug|ARM.Build.0 = Debug|Any CPU
		{3611821D-BEE9-4CCF-A543-747E7AD134AA}.Debug|x64.ActiveCfg = Debug|Any CPU
		{3611821D-BEE9-4CCF-A543-747E7AD134AA}.Debug|x64.Build.0 = Debug|Any CPU
		{3611821D-BEE9-4CCF-A543-747E7AD134AA}.Debug|x86.ActiveCfg = Debug|Any CPU
		{3611821D-BEE9-4CCF-A543-747E7AD134AA}.Debug|x86.Build.0 = Debug|Any CPU
		{3611821D-BEE9-4CCF-A543-747E7AD134AA}.Release|Any CPU.ActiveCfg = Release|Any CPU
		{3611821D-BEE9-4CCF-A543-747E7AD134AA}.Release|Any CPU.Build.0 = Release|Any CPU
		{3611821D-BEE9-4CCF-A543-747E7AD134AA}.Release|ARM.ActiveCfg = Release|Any CPU
		{3611821D-BEE9-4CCF-A543-747E7AD134AA}.Release|ARM.Build.0 = Release|Any CPU
		{3611821D-BEE9-4CCF-A543-747E7AD134AA}.Release|x64.ActiveCfg = Release|Any CPU
		{3611821D-BEE9-4CCF-A543-747E7AD134AA}.Release|x64.Build.0 = Release|Any CPU
		{3611821D-BEE9-4CCF-A543-747E7AD134AA}.Release|x86.ActiveCfg = Release|Any CPU
		{3611821D-BEE9-4CCF-A543-747E7AD134AA}.Release|x86.Build.0 = Release|Any CPU
		{0DA69240-3903-465A-92E0-0FEE1BEE1925}.Debug|Any CPU.ActiveCfg = Debug|Any CPU
		{0DA69240-3903-465A-92E0-0FEE1BEE1925}.Debug|Any CPU.Build.0 = Debug|Any CPU
		{0DA69240-3903-465A-92E0-0FEE1BEE1925}.Debug|Any CPU.Deploy.0 = Debug|Any CPU
		{0DA69240-3903-465A-92E0-0FEE1BEE1925}.Debug|ARM.ActiveCfg = Debug|Any CPU
		{0DA69240-3903-465A-92E0-0FEE1BEE1925}.Debug|ARM.Build.0 = Debug|Any CPU
		{0DA69240-3903-465A-92E0-0FEE1BEE1925}.Debug|ARM.Deploy.0 = Debug|Any CPU
		{0DA69240-3903-465A-92E0-0FEE1BEE1925}.Debug|x64.ActiveCfg = Debug|Any CPU
		{0DA69240-3903-465A-92E0-0FEE1BEE1925}.Debug|x64.Build.0 = Debug|Any CPU
		{0DA69240-3903-465A-92E0-0FEE1BEE1925}.Debug|x64.Deploy.0 = Debug|Any CPU
		{0DA69240-3903-465A-92E0-0FEE1BEE1925}.Debug|x86.ActiveCfg = Debug|Any CPU
		{0DA69240-3903-465A-92E0-0FEE1BEE1925}.Debug|x86.Build.0 = Debug|Any CPU
		{0DA69240-3903-465A-92E0-0FEE1BEE1925}.Debug|x86.Deploy.0 = Debug|Any CPU
		{0DA69240-3903-465A-92E0-0FEE1BEE1925}.Release|Any CPU.ActiveCfg = Release|Any CPU
		{0DA69240-3903-465A-92E0-0FEE1BEE1925}.Release|Any CPU.Build.0 = Release|Any CPU
		{0DA69240-3903-465A-92E0-0FEE1BEE1925}.Release|Any CPU.Deploy.0 = Release|Any CPU
		{0DA69240-3903-465A-92E0-0FEE1BEE1925}.Release|ARM.ActiveCfg = Release|Any CPU
		{0DA69240-3903-465A-92E0-0FEE1BEE1925}.Release|ARM.Build.0 = Release|Any CPU
		{0DA69240-3903-465A-92E0-0FEE1BEE1925}.Release|ARM.Deploy.0 = Release|Any CPU
		{0DA69240-3903-465A-92E0-0FEE1BEE1925}.Release|x64.ActiveCfg = Release|Any CPU
		{0DA69240-3903-465A-92E0-0FEE1BEE1925}.Release|x64.Build.0 = Release|Any CPU
		{0DA69240-3903-465A-92E0-0FEE1BEE1925}.Release|x64.Deploy.0 = Release|Any CPU
		{0DA69240-3903-465A-92E0-0FEE1BEE1925}.Release|x86.ActiveCfg = Release|Any CPU
		{0DA69240-3903-465A-92E0-0FEE1BEE1925}.Release|x86.Build.0 = Release|Any CPU
		{0DA69240-3903-465A-92E0-0FEE1BEE1925}.Release|x86.Deploy.0 = Release|Any CPU
		{1F343FE4-ED82-4258-851D-FFF4FEBEEEEB}.Debug|Any CPU.ActiveCfg = Debug|x86
		{1F343FE4-ED82-4258-851D-FFF4FEBEEEEB}.Debug|ARM.ActiveCfg = Debug|ARM
		{1F343FE4-ED82-4258-851D-FFF4FEBEEEEB}.Debug|ARM.Build.0 = Debug|ARM
		{1F343FE4-ED82-4258-851D-FFF4FEBEEEEB}.Debug|ARM.Deploy.0 = Debug|ARM
		{1F343FE4-ED82-4258-851D-FFF4FEBEEEEB}.Debug|x64.ActiveCfg = Debug|x64
		{1F343FE4-ED82-4258-851D-FFF4FEBEEEEB}.Debug|x64.Build.0 = Debug|x64
		{1F343FE4-ED82-4258-851D-FFF4FEBEEEEB}.Debug|x64.Deploy.0 = Debug|x64
		{1F343FE4-ED82-4258-851D-FFF4FEBEEEEB}.Debug|x86.ActiveCfg = Debug|x86
		{1F343FE4-ED82-4258-851D-FFF4FEBEEEEB}.Debug|x86.Build.0 = Debug|x86
		{1F343FE4-ED82-4258-851D-FFF4FEBEEEEB}.Debug|x86.Deploy.0 = Debug|x86
		{1F343FE4-ED82-4258-851D-FFF4FEBEEEEB}.Release|Any CPU.ActiveCfg = Release|x86
		{1F343FE4-ED82-4258-851D-FFF4FEBEEEEB}.Release|ARM.ActiveCfg = Release|ARM
		{1F343FE4-ED82-4258-851D-FFF4FEBEEEEB}.Release|ARM.Build.0 = Release|ARM
		{1F343FE4-ED82-4258-851D-FFF4FEBEEEEB}.Release|ARM.Deploy.0 = Release|ARM
		{1F343FE4-ED82-4258-851D-FFF4FEBEEEEB}.Release|x64.ActiveCfg = Release|x64
		{1F343FE4-ED82-4258-851D-FFF4FEBEEEEB}.Release|x64.Build.0 = Release|x64
		{1F343FE4-ED82-4258-851D-FFF4FEBEEEEB}.Release|x64.Deploy.0 = Release|x64
		{1F343FE4-ED82-4258-851D-FFF4FEBEEEEB}.Release|x86.ActiveCfg = Release|x86
		{1F343FE4-ED82-4258-851D-FFF4FEBEEEEB}.Release|x86.Build.0 = Release|x86
		{1F343FE4-ED82-4258-851D-FFF4FEBEEEEB}.Release|x86.Deploy.0 = Release|x86
	EndGlobalSection
	GlobalSection(SolutionProperties) = preSolution
		HideSolutionNode = FALSE
	EndGlobalSection
	GlobalSection(NestedProjects) = preSolution
		{0DA69240-3903-465A-92E0-0FEE1BEE1925} = {3578604A-AA02-4FC2-8EF0-CE1E91F3EBF4}
		{1F343FE4-ED82-4258-851D-FFF4FEBEEEEB} = {3578604A-AA02-4FC2-8EF0-CE1E91F3EBF4}
	EndGlobalSection
	GlobalSection(ExtensibilityGlobals) = postSolution
		SolutionGuid = {5273D0E9-48E4-457B-911A-770913385611}
	EndGlobalSection
EndGlobal
